
Microsoft Visual Studio Solution File, Format Version 12.00
# Visual Studio Version 16
VisualStudioVersion = 16.0.31624.102
MinimumVisualStudioVersion = 10.0.40219.1
Project("{FAE04EC0-301F-11D3-BF4B-00C04F79EFBC}") = "SF.Modul_15_6_6", "SF.Modul_15_6_6\SF.Modul_15_6_6.csproj", "{841986DC-86C2-4921-961E-3B2FF79859A4}"
EndProject
Global
	GlobalSection(SolutionConfigurationPlatforms) = preSolution
		Debug|Any CPU = Debug|Any CPU
		Release|Any CPU = Release|Any CPU
	EndGlobalSection
	GlobalSection(ProjectConfigurationPlatforms) = postSolution
		{841986DC-86C2-4921-961E-3B2FF79859A4}.Debug|Any CPU.ActiveCfg = Debug|Any CPU
		{841986DC-86C2-4921-961E-3B2FF79859A4}.Debug|Any CPU.Build.0 = Debug|Any CPU
		{841986DC-86C2-4921-961E-3B2FF79859A4}.Release|Any CPU.ActiveCfg = Release|Any CPU
		{841986DC-86C2-4921-961E-3B2FF79859A4}.Release|Any CPU.Build.0 = Release|Any CPU
	EndGlobalSection
	GlobalSection(SolutionProperties) = preSolution
		HideSolutionNode = FALSE
	EndGlobalSection
	GlobalSection(ExtensibilityGlobals) = postSolution
		SolutionGuid = {DBC62128-B64F-40DE-A0F1-68D45CCB5589}
	EndGlobalSection
EndGlobal
